
Microsoft Visual Studio Solution File, Format Version 12.00
# Visual Studio Version 16
VisualStudioVersion = 16.0.30804.86
MinimumVisualStudioVersion = 10.0.40219.1
Project("{FAE04EC0-301F-11D3-BF4B-00C04F79EFBC}") = "MyDictionary", "MyDictionary.csproj", "{7EA6ED80-E7A5-40DB-B919-DFC06730259D}"
EndProject
Global
	GlobalSection(SolutionConfigurationPlatforms) = preSolution
		Debug|Any CPU = Debug|Any CPU
		Release|Any CPU = Release|Any CPU
	EndGlobalSection
	GlobalSection(ProjectConfigurationPlatforms) = postSolution
		{7EA6ED80-E7A5-40DB-B919-DFC06730259D}.Debug|Any CPU.ActiveCfg = Debug|Any CPU
		{7EA6ED80-E7A5-40DB-B919-DFC06730259D}.Debug|Any CPU.Build.0 = Debug|Any CPU
		{7EA6ED80-E7A5-40DB-B919-DFC06730259D}.Release|Any CPU.ActiveCfg = Release|Any CPU
		{7EA6ED80-E7A5-40DB-B919-DFC06730259D}.Release|Any CPU.Build.0 = Release|Any CPU
	EndGlobalSection
	GlobalSection(SolutionProperties) = preSolution
		HideSolutionNode = FALSE
	EndGlobalSection
	GlobalSection(ExtensibilityGlobals) = postSolution
		SolutionGuid = {5F4C4522-B972-4A42-BDBF-AA1AA0C271E4}
	EndGlobalSection
EndGlobal
